
Microsoft Visual Studio Solution File, Format Version 12.00
# Visual Studio Version 17
VisualStudioVersion = 17.7.34018.315
MinimumVisualStudioVersion = 10.0.40219.1
Project("{9A19103F-16F7-4668-BE54-9A1E7A4F7556}") = "Captivlink.Api", "Captivlink.Api\Captivlink.Api.csproj", "{EB4EC75F-CFD7-42CE-9994-30173149767A}"
EndProject
Project("{9A19103F-16F7-4668-BE54-9A1E7A4F7556}") = "Captivlink.Backend", "Captivlink.Backend\Captivlink.Backend.csproj", "{7F0BBA20-35A3-4C98-89C5-9BB7CC7DF8EF}"
EndProject
Project("{9A19103F-16F7-4668-BE54-9A1E7A4F7556}") = "Captivlink.Infrastructure", "Captivlink.Domain\Captivlink.Infrastructure.csproj", "{C474E69D-2C5A-491E-867F-3EF157C37738}"
EndProject
Project("{9A19103F-16F7-4668-BE54-9A1E7A4F7556}") = "Captivlink.Application", "Captivlink.Application\Captivlink.Application.csproj", "{051C5FC5-3FB3-413B-948B-CF49C7034258}"
EndProject
Project("{FAE04EC0-301F-11D3-BF4B-00C04F79EFBC}") = "Captivlink.Worker", "Captivlink.Worker\Captivlink.Worker.csproj", "{922112B3-3AC0-4151-86B9-F463FA1C7BD5}"
	ProjectSection(ProjectDependencies) = postProject
		{C474E69D-2C5A-491E-867F-3EF157C37738} = {C474E69D-2C5A-491E-867F-3EF157C37738}
	EndProjectSection
EndProject
Global
	GlobalSection(SolutionConfigurationPlatforms) = preSolution
		Debug|Any CPU = Debug|Any CPU
		Release|Any CPU = Release|Any CPU
	EndGlobalSection
	GlobalSection(ProjectConfigurationPlatforms) = postSolution
		{EB4EC75F-CFD7-42CE-9994-30173149767A}.Debug|Any CPU.ActiveCfg = Debug|Any CPU
		{EB4EC75F-CFD7-42CE-9994-30173149767A}.Debug|Any CPU.Build.0 = Debug|Any CPU
		{EB4EC75F-CFD7-42CE-9994-30173149767A}.Release|Any CPU.ActiveCfg = Release|Any CPU
		{EB4EC75F-CFD7-42CE-9994-30173149767A}.Release|Any CPU.Build.0 = Release|Any CPU
		{7F0BBA20-35A3-4C98-89C5-9BB7CC7DF8EF}.Debug|Any CPU.ActiveCfg = Debug|Any CPU
		{7F0BBA20-35A3-4C98-89C5-9BB7CC7DF8EF}.Debug|Any CPU.Build.0 = Debug|Any CPU
		{7F0BBA20-35A3-4C98-89C5-9BB7CC7DF8EF}.Release|Any CPU.ActiveCfg = Release|Any CPU
		{7F0BBA20-35A3-4C98-89C5-9BB7CC7DF8EF}.Release|Any CPU.Build.0 = Release|Any CPU
		{C474E69D-2C5A-491E-867F-3EF157C37738}.Debug|Any CPU.ActiveCfg = Debug|Any CPU
		{C474E69D-2C5A-491E-867F-3EF157C37738}.Debug|Any CPU.Build.0 = Debug|Any CPU
		{C474E69D-2C5A-491E-867F-3EF157C37738}.Release|Any CPU.ActiveCfg = Release|Any CPU
		{C474E69D-2C5A-491E-867F-3EF157C37738}.Release|Any CPU.Build.0 = Release|Any CPU
		{051C5FC5-3FB3-413B-948B-CF49C7034258}.Debug|Any CPU.ActiveCfg = Debug|Any CPU
		{051C5FC5-3FB3-413B-948B-CF49C7034258}.Debug|Any CPU.Build.0 = Debug|Any CPU
		{051C5FC5-3FB3-413B-948B-CF49C7034258}.Release|Any CPU.ActiveCfg = Release|Any CPU
		{051C5FC5-3FB3-413B-948B-CF49C7034258}.Release|Any CPU.Build.0 = Release|Any CPU
		{922112B3-3AC0-4151-86B9-F463FA1C7BD5}.Debug|Any CPU.ActiveCfg = Debug|Any CPU
		{922112B3-3AC0-4151-86B9-F463FA1C7BD5}.Debug|Any CPU.Build.0 = Debug|Any CPU
		{922112B3-3AC0-4151-86B9-F463FA1C7BD5}.Release|Any CPU.ActiveCfg = Release|Any CPU
		{922112B3-3AC0-4151-86B9-F463FA1C7BD5}.Release|Any CPU.Build.0 = Release|Any CPU
	EndGlobalSection
	GlobalSection(SolutionProperties) = preSolution
		HideSolutionNode = FALSE
	EndGlobalSection
	GlobalSection(ExtensibilityGlobals) = postSolution
		SolutionGuid = {14314F13-6902-41B8-9F83-E6D10A9A5F5E}
	EndGlobalSection
EndGlobal
